
Microsoft Visual Studio Solution File, Format Version 12.00
# Visual Studio 2013
VisualStudioVersion = 12.0.40629.0
MinimumVisualStudioVersion = 10.0.40219.1
Project("{FAE04EC0-301F-11D3-BF4B-00C04F79EFBC}") = "yizhan.web", "yizhan.web\yizhan.web.csproj", "{5EABA461-4E28-4FCF-B14D-3DE48C2FBF10}"
EndProject
Project("{FAE04EC0-301F-11D3-BF4B-00C04F79EFBC}") = "yizhan.dal", "yizhan.dal\yizhan.dal.csproj", "{F7A1B8FA-B30C-44BC-ADFC-3957AD533E83}"
EndProject
Project("{FAE04EC0-301F-11D3-BF4B-00C04F79EFBC}") = "yizhan.model", "yizhan.model\yizhan.model.csproj", "{3CADF2CB-6005-406A-A243-6EE5FC22CCD4}"
EndProject
Global
	GlobalSection(SolutionConfigurationPlatforms) = preSolution
		Debug|Any CPU = Debug|Any CPU
		Release|Any CPU = Release|Any CPU
	EndGlobalSection
	GlobalSection(ProjectConfigurationPlatforms) = postSolution
		{5EABA461-4E28-4FCF-B14D-3DE48C2FBF10}.Debug|Any CPU.ActiveCfg = Debug|Any CPU
		{5EABA461-4E28-4FCF-B14D-3DE48C2FBF10}.Debug|Any CPU.Build.0 = Debug|Any CPU
		{5EABA461-4E28-4FCF-B14D-3DE48C2FBF10}.Release|Any CPU.ActiveCfg = Release|Any CPU
		{5EABA461-4E28-4FCF-B14D-3DE48C2FBF10}.Release|Any CPU.Build.0 = Release|Any CPU
		{F7A1B8FA-B30C-44BC-ADFC-3957AD533E83}.Debug|Any CPU.ActiveCfg = Debug|Any CPU
		{F7A1B8FA-B30C-44BC-ADFC-3957AD533E83}.Debug|Any CPU.Build.0 = Debug|Any CPU
		{F7A1B8FA-B30C-44BC-ADFC-3957AD533E83}.Release|Any CPU.ActiveCfg = Release|Any CPU
		{F7A1B8FA-B30C-44BC-ADFC-3957AD533E83}.Release|Any CPU.Build.0 = Release|Any CPU
		{3CADF2CB-6005-406A-A243-6EE5FC22CCD4}.Debug|Any CPU.ActiveCfg = Debug|Any CPU
		{3CADF2CB-6005-406A-A243-6EE5FC22CCD4}.Debug|Any CPU.Build.0 = Debug|Any CPU
		{3CADF2CB-6005-406A-A243-6EE5FC22CCD4}.Release|Any CPU.ActiveCfg = Release|Any CPU
		{3CADF2CB-6005-406A-A243-6EE5FC22CCD4}.Release|Any CPU.Build.0 = Release|Any CPU
	EndGlobalSection
	GlobalSection(SolutionProperties) = preSolution
		HideSolutionNode = FALSE
	EndGlobalSection
EndGlobal
